
Microsoft Visual Studio Solution File, Format Version 12.00
# Visual Studio Version 16
VisualStudioVersion = 16.0.30002.166
MinimumVisualStudioVersion = 10.0.40219.1
Project("{FAE04EC0-301F-11D3-BF4B-00C04F79EFBC}") = "HDL_Dump_Batcher", "HDL_Dump_Batcher\HDL_Dump_Batcher.csproj", "{DD114255-BF97-4583-8406-94457AE26CD6}"
EndProject
Global
	GlobalSection(SolutionConfigurationPlatforms) = preSolution
		Debug|Any CPU = Debug|Any CPU
		Release|Any CPU = Release|Any CPU
	EndGlobalSection
	GlobalSection(ProjectConfigurationPlatforms) = postSolution
		{DD114255-BF97-4583-8406-94457AE26CD6}.Debug|Any CPU.ActiveCfg = Debug|Any CPU
		{DD114255-BF97-4583-8406-94457AE26CD6}.Debug|Any CPU.Build.0 = Debug|Any CPU
		{DD114255-BF97-4583-8406-94457AE26CD6}.Release|Any CPU.ActiveCfg = Release|Any CPU
		{DD114255-BF97-4583-8406-94457AE26CD6}.Release|Any CPU.Build.0 = Release|Any CPU
	EndGlobalSection
	GlobalSection(SolutionProperties) = preSolution
		HideSolutionNode = FALSE
	EndGlobalSection
	GlobalSection(ExtensibilityGlobals) = postSolution
		SolutionGuid = {78D22815-6704-44C4-A176-8D3FC4FB28AB}
	EndGlobalSection
EndGlobal
